
Microsoft Visual Studio Solution File, Format Version 12.00
# Visual Studio Version 16
VisualStudioVersion = 16.0.30907.101
MinimumVisualStudioVersion = 10.0.40219.1
Project("{FAE04EC0-301F-11D3-BF4B-00C04F79EFBC}") = "EthplorerNET.Test", "EthplorerNET.Test\EthplorerNET.Test.csproj", "{ECD24DAC-FF0F-4F73-A934-E6C0AF6746D1}"
EndProject
Global
	GlobalSection(SolutionConfigurationPlatforms) = preSolution
		Debug|Any CPU = Debug|Any CPU
		Release|Any CPU = Release|Any CPU
	EndGlobalSection
	GlobalSection(ProjectConfigurationPlatforms) = postSolution
		{ECD24DAC-FF0F-4F73-A934-E6C0AF6746D1}.Debug|Any CPU.ActiveCfg = Debug|Any CPU
		{ECD24DAC-FF0F-4F73-A934-E6C0AF6746D1}.Debug|Any CPU.Build.0 = Debug|Any CPU
		{ECD24DAC-FF0F-4F73-A934-E6C0AF6746D1}.Release|Any CPU.ActiveCfg = Release|Any CPU
		{ECD24DAC-FF0F-4F73-A934-E6C0AF6746D1}.Release|Any CPU.Build.0 = Release|Any CPU
	EndGlobalSection
	GlobalSection(SolutionProperties) = preSolution
		HideSolutionNode = FALSE
	EndGlobalSection
	GlobalSection(ExtensibilityGlobals) = postSolution
		SolutionGuid = {57A54769-7935-4E2E-B095-5C30B4888B1A}
	EndGlobalSection
EndGlobal
